
Microsoft Visual Studio Solution File, Format Version 12.00
# Visual Studio Version 17
VisualStudioVersion = 17.6.33815.320
MinimumVisualStudioVersion = 10.0.40219.1
Project("{9A19103F-16F7-4668-BE54-9A1E7A4F7556}") = "LtQuery", "src\LtQuery\LtQuery.csproj", "{9498C9BB-12DE-409F-9B1F-1ECE4FFD4688}"
EndProject
Project("{9A19103F-16F7-4668-BE54-9A1E7A4F7556}") = "LtQuery.Relational", "src\LtQuery.Relational\LtQuery.Relational.csproj", "{CDF7A48F-2BCC-4C25-AE53-5FE32273C2FA}"
EndProject
Project("{9A19103F-16F7-4668-BE54-9A1E7A4F7556}") = "LtQuery.SqlServer", "src\LtQuery.SqlServer\LtQuery.SqlServer.csproj", "{DBB63F3B-2C64-46BE-BCC7-F323D7B57349}"
EndProject
Project("{2150E333-8FDC-42A3-9474-1A3956D46DE8}") = "Tests", "Tests", "{AED80EEE-4EDE-465C-953D-991A2C447C13}"
EndProject
Project("{9A19103F-16F7-4668-BE54-9A1E7A4F7556}") = "LtQuery.Tests", "tests\LtQuery.Tests\LtQuery.Tests.csproj", "{252E86F5-ABF2-4022-BE7E-39C963AEEDD1}"
EndProject
Project("{2150E333-8FDC-42A3-9474-1A3956D46DE8}") = "Benchmarks", "Benchmarks", "{0A0109EA-5F1C-4E87-A447-9ED400E9F8BC}"
EndProject
Project("{9A19103F-16F7-4668-BE54-9A1E7A4F7556}") = "LtQuery.Relational.Tests", "tests\LtQuery.Relational.Tests\LtQuery.Relational.Tests.csproj", "{5E58EED3-8BA8-4DAA-A0E5-85AACEA6FE57}"
EndProject
Project("{9A19103F-16F7-4668-BE54-9A1E7A4F7556}") = "LtQuery.Relational.Utils", "tests\LtQuery.Relational.Utils\LtQuery.Relational.Utils.csproj", "{EFF98670-9DC4-42E2-B479-B0EC562C75AD}"
EndProject
Project("{9A19103F-16F7-4668-BE54-9A1E7A4F7556}") = "LtQuery.SqlServer.Tests", "tests\LtQuery.SqlServer.Tests\LtQuery.SqlServer.Tests.csproj", "{3CDB221D-5091-4097-BA9C-1725698CABAE}"
EndProject
Project("{9A19103F-16F7-4668-BE54-9A1E7A4F7556}") = "LtQueryBenchmarks", "benchmarks\LtQueryBenchmarks\LtQueryBenchmarks.csproj", "{5596D2C4-46D0-4069-980E-E867DF1B86B7}"
EndProject
Project("{9A19103F-16F7-4668-BE54-9A1E7A4F7556}") = "LtQuery.TestData", "tests\LtQuery.TestData\LtQuery.TestData.csproj", "{80DE2CA1-1221-45CD-A339-ADAD9EED8504}"
EndProject
Project("{9A19103F-16F7-4668-BE54-9A1E7A4F7556}") = "LtQuery.MySql", "src\LtQuery.MySql\LtQuery.MySql.csproj", "{E449EE31-5698-49C4-91DC-A9458A8B6E30}"
EndProject
Project("{9A19103F-16F7-4668-BE54-9A1E7A4F7556}") = "LtQuery.MySql.Tests", "tests\LtQuery.MySql.Tests\LtQuery.MySql.Tests.csproj", "{2D304984-22A1-434B-B282-B9DDE118E694}"
EndProject
Global
	GlobalSection(SolutionConfigurationPlatforms) = preSolution
		Debug|Any CPU = Debug|Any CPU
		Release|Any CPU = Release|Any CPU
	EndGlobalSection
	GlobalSection(ProjectConfigurationPlatforms) = postSolution
		{9498C9BB-12DE-409F-9B1F-1ECE4FFD4688}.Debug|Any CPU.ActiveCfg = Debug|Any CPU
		{9498C9BB-12DE-409F-9B1F-1ECE4FFD4688}.Debug|Any CPU.Build.0 = Debug|Any CPU
		{9498C9BB-12DE-409F-9B1F-1ECE4FFD4688}.Release|Any CPU.ActiveCfg = Release|Any CPU
		{9498C9BB-12DE-409F-9B1F-1ECE4FFD4688}.Release|Any CPU.Build.0 = Release|Any CPU
		{CDF7A48F-2BCC-4C25-AE53-5FE32273C2FA}.Debug|Any CPU.ActiveCfg = Debug|Any CPU
		{CDF7A48F-2BCC-4C25-AE53-5FE32273C2FA}.Debug|Any CPU.Build.0 = Debug|Any CPU
		{CDF7A48F-2BCC-4C25-AE53-5FE32273C2FA}.Release|Any CPU.ActiveCfg = Release|Any CPU
		{CDF7A48F-2BCC-4C25-AE53-5FE32273C2FA}.Release|Any CPU.Build.0 = Release|Any CPU
		{DBB63F3B-2C64-46BE-BCC7-F323D7B57349}.Debug|Any CPU.ActiveCfg = Debug|Any CPU
		{DBB63F3B-2C64-46BE-BCC7-F323D7B57349}.Debug|Any CPU.Build.0 = Debug|Any CPU
		{DBB63F3B-2C64-46BE-BCC7-F323D7B57349}.Release|Any CPU.ActiveCfg = Release|Any CPU
		{DBB63F3B-2C64-46BE-BCC7-F323D7B57349}.Release|Any CPU.Build.0 = Release|Any CPU
		{252E86F5-ABF2-4022-BE7E-39C963AEEDD1}.Debug|Any CPU.ActiveCfg = Debug|Any CPU
		{252E86F5-ABF2-4022-BE7E-39C963AEEDD1}.Debug|Any CPU.Build.0 = Debug|Any CPU
		{252E86F5-ABF2-4022-BE7E-39C963AEEDD1}.Release|Any CPU.ActiveCfg = Release|Any CPU
		{252E86F5-ABF2-4022-BE7E-39C963AEEDD1}.Release|Any CPU.Build.0 = Release|Any CPU
		{5E58EED3-8BA8-4DAA-A0E5-85AACEA6FE57}.Debug|Any CPU.ActiveCfg = Debug|Any CPU
		{5E58EED3-8BA8-4DAA-A0E5-85AACEA6FE57}.Debug|Any CPU.Build.0 = Debug|Any CPU
		{5E58EED3-8BA8-4DAA-A0E5-85AACEA6FE57}.Release|Any CPU.ActiveCfg = Release|Any CPU
		{5E58EED3-8BA8-4DAA-A0E5-85AACEA6FE57}.Release|Any CPU.Build.0 = Release|Any CPU
		{EFF98670-9DC4-42E2-B479-B0EC562C75AD}.Debug|Any CPU.ActiveCfg = Debug|Any CPU
		{EFF98670-9DC4-42E2-B479-B0EC562C75AD}.Debug|Any CPU.Build.0 = Debug|Any CPU
		{EFF98670-9DC4-42E2-B479-B0EC562C75AD}.Release|Any CPU.ActiveCfg = Release|Any CPU
		{EFF98670-9DC4-42E2-B479-B0EC562C75AD}.Release|Any CPU.Build.0 = Release|Any CPU
		{3CDB221D-5091-4097-BA9C-1725698CABAE}.Debug|Any CPU.ActiveCfg = Debug|Any CPU
		{3CDB221D-5091-4097-BA9C-1725698CABAE}.Debug|Any CPU.Build.0 = Debug|Any CPU
		{3CDB221D-5091-4097-BA9C-1725698CABAE}.Release|Any CPU.ActiveCfg = Release|Any CPU
		{3CDB221D-5091-4097-BA9C-1725698CABAE}.Release|Any CPU.Build.0 = Release|Any CPU
		{5596D2C4-46D0-4069-980E-E867DF1B86B7}.Debug|Any CPU.ActiveCfg = Debug|Any CPU
		{5596D2C4-46D0-4069-980E-E867DF1B86B7}.Debug|Any CPU.Build.0 = Debug|Any CPU
		{5596D2C4-46D0-4069-980E-E867DF1B86B7}.Release|Any CPU.ActiveCfg = Release|Any CPU
		{5596D2C4-46D0-4069-980E-E867DF1B86B7}.Release|Any CPU.Build.0 = Release|Any CPU
		{80DE2CA1-1221-45CD-A339-ADAD9EED8504}.Debug|Any CPU.ActiveCfg = Debug|Any CPU
		{80DE2CA1-1221-45CD-A339-ADAD9EED8504}.Debug|Any CPU.Build.0 = Debug|Any CPU
		{80DE2CA1-1221-45CD-A339-ADAD9EED8504}.Release|Any CPU.ActiveCfg = Release|Any CPU
		{80DE2CA1-1221-45CD-A339-ADAD9EED8504}.Release|Any CPU.Build.0 = Release|Any CPU
		{E449EE31-5698-49C4-91DC-A9458A8B6E30}.Debug|Any CPU.ActiveCfg = Debug|Any CPU
		{E449EE31-5698-49C4-91DC-A9458A8B6E30}.Debug|Any CPU.Build.0 = Debug|Any CPU
		{E449EE31-5698-49C4-91DC-A9458A8B6E30}.Release|Any CPU.ActiveCfg = Release|Any CPU
		{E449EE31-5698-49C4-91DC-A9458A8B6E30}.Release|Any CPU.Build.0 = Release|Any CPU
		{2D304984-22A1-434B-B282-B9DDE118E694}.Debug|Any CPU.ActiveCfg = Debug|Any CPU
		{2D304984-22A1-434B-B282-B9DDE118E694}.Debug|Any CPU.Build.0 = Debug|Any CPU
		{2D304984-22A1-434B-B282-B9DDE118E694}.Release|Any CPU.ActiveCfg = Release|Any CPU
		{2D304984-22A1-434B-B282-B9DDE118E694}.Release|Any CPU.Build.0 = Release|Any CPU
	EndGlobalSection
	GlobalSection(SolutionProperties) = preSolution
		HideSolutionNode = FALSE
	EndGlobalSection
	GlobalSection(NestedProjects) = preSolution
		{252E86F5-ABF2-4022-BE7E-39C963AEEDD1} = {AED80EEE-4EDE-465C-953D-991A2C447C13}
		{5E58EED3-8BA8-4DAA-A0E5-85AACEA6FE57} = {AED80EEE-4EDE-465C-953D-991A2C447C13}
		{EFF98670-9DC4-42E2-B479-B0EC562C75AD} = {AED80EEE-4EDE-465C-953D-991A2C447C13}
		{3CDB221D-5091-4097-BA9C-1725698CABAE} = {AED80EEE-4EDE-465C-953D-991A2C447C13}
		{5596D2C4-46D0-4069-980E-E867DF1B86B7} = {0A0109EA-5F1C-4E87-A447-9ED400E9F8BC}
		{80DE2CA1-1221-45CD-A339-ADAD9EED8504} = {AED80EEE-4EDE-465C-953D-991A2C447C13}
		{2D304984-22A1-434B-B282-B9DDE118E694} = {AED80EEE-4EDE-465C-953D-991A2C447C13}
	EndGlobalSection
	GlobalSection(ExtensibilityGlobals) = postSolution
		SolutionGuid = {69612908-99A9-4946-9AED-C783D5BD529E}
	EndGlobalSection
EndGlobal
